
Microsoft Visual Studio Solution File, Format Version 12.00
# Visual Studio 15
VisualStudioVersion = 15.0.26430.16
MinimumVisualStudioVersion = 10.0.40219.1
Project("{FAE04EC0-301F-11D3-BF4B-00C04F79EFBC}") = "AADBrowserToWebApp", "AADBrowserToWebApp\AADBrowserToWebApp.csproj", "{E9574EDD-A93D-494D-9A23-F0CD69BA2900}"
EndProject
Project("{FAE04EC0-301F-11D3-BF4B-00C04F79EFBC}") = "AADWebAPI", "AADWebAPI\AADWebAPI.csproj", "{7BAEF2DB-EABF-44CE-B74B-0911E4ACCDA5}"
EndProject
Project("{FAE04EC0-301F-11D3-BF4B-00C04F79EFBC}") = "AADWebAPIClient", "AADWebAPIClient\AADWebAPIClient.csproj", "{9F414093-B036-4C9A-8270-CFC75FE08FE7}"
EndProject
Global
	GlobalSection(SolutionConfigurationPlatforms) = preSolution
		Debug|Any CPU = Debug|Any CPU
		Release|Any CPU = Release|Any CPU
	EndGlobalSection
	GlobalSection(ProjectConfigurationPlatforms) = postSolution
		{E9574EDD-A93D-494D-9A23-F0CD69BA2900}.Debug|Any CPU.ActiveCfg = Debug|Any CPU
		{E9574EDD-A93D-494D-9A23-F0CD69BA2900}.Debug|Any CPU.Build.0 = Debug|Any CPU
		{E9574EDD-A93D-494D-9A23-F0CD69BA2900}.Release|Any CPU.ActiveCfg = Release|Any CPU
		{E9574EDD-A93D-494D-9A23-F0CD69BA2900}.Release|Any CPU.Build.0 = Release|Any CPU
		{7BAEF2DB-EABF-44CE-B74B-0911E4ACCDA5}.Debug|Any CPU.ActiveCfg = Debug|Any CPU
		{7BAEF2DB-EABF-44CE-B74B-0911E4ACCDA5}.Debug|Any CPU.Build.0 = Debug|Any CPU
		{7BAEF2DB-EABF-44CE-B74B-0911E4ACCDA5}.Release|Any CPU.ActiveCfg = Release|Any CPU
		{7BAEF2DB-EABF-44CE-B74B-0911E4ACCDA5}.Release|Any CPU.Build.0 = Release|Any CPU
		{9F414093-B036-4C9A-8270-CFC75FE08FE7}.Debug|Any CPU.ActiveCfg = Debug|Any CPU
		{9F414093-B036-4C9A-8270-CFC75FE08FE7}.Debug|Any CPU.Build.0 = Debug|Any CPU
		{9F414093-B036-4C9A-8270-CFC75FE08FE7}.Release|Any CPU.ActiveCfg = Release|Any CPU
		{9F414093-B036-4C9A-8270-CFC75FE08FE7}.Release|Any CPU.Build.0 = Release|Any CPU
	EndGlobalSection
	GlobalSection(SolutionProperties) = preSolution
		HideSolutionNode = FALSE
	EndGlobalSection
EndGlobal
